
Microsoft Visual Studio Solution File, Format Version 12.00
# Visual Studio Version 17
VisualStudioVersion = 17.11.35312.102
MinimumVisualStudioVersion = 10.0.40219.1
Project("{FAE04EC0-301F-11D3-BF4B-00C04F79EFBC}") = "ParticipantsLib", "ParticipantsLib.csproj", "{48157FF0-F1CD-4A66-B4B2-B14613A84DE9}"
EndProject
Global
	GlobalSection(SolutionConfigurationPlatforms) = preSolution
		Debug|Any CPU = Debug|Any CPU
		Release|Any CPU = Release|Any CPU
	EndGlobalSection
	GlobalSection(ProjectConfigurationPlatforms) = postSolution
		{48157FF0-F1CD-4A66-B4B2-B14613A84DE9}.Debug|Any CPU.ActiveCfg = Debug|Any CPU
		{48157FF0-F1CD-4A66-B4B2-B14613A84DE9}.Debug|Any CPU.Build.0 = Debug|Any CPU
		{48157FF0-F1CD-4A66-B4B2-B14613A84DE9}.Release|Any CPU.ActiveCfg = Release|Any CPU
		{48157FF0-F1CD-4A66-B4B2-B14613A84DE9}.Release|Any CPU.Build.0 = Release|Any CPU
	EndGlobalSection
	GlobalSection(SolutionProperties) = preSolution
		HideSolutionNode = FALSE
	EndGlobalSection
	GlobalSection(ExtensibilityGlobals) = postSolution
		SolutionGuid = {8C90B449-8DBE-4C74-AFF8-993BAC364773}
	EndGlobalSection
EndGlobal
